
Microsoft Visual Studio Solution File, Format Version 12.00
# Visual Studio 15
VisualStudioVersion = 15.0.26228.9
MinimumVisualStudioVersion = 10.0.40219.1
Project("{FAE04EC0-301F-11D3-BF4B-00C04F79EFBC}") = "PriorityQueue.UnitTests", "PriorityQueue.UnitTests\PriorityQueue.UnitTests.csproj", "{9721E971-B334-4548-B1BD-4AEA334073E7}"
EndProject
Project("{FAE04EC0-301F-11D3-BF4B-00C04F79EFBC}") = "PriorityQueue.Console", "PriorityQueue.Console\PriorityQueue.Console.csproj", "{242E8781-06FC-4B71-B499-CC20BA9C13C8}"
EndProject
Project("{FAE04EC0-301F-11D3-BF4B-00C04F79EFBC}") = "PQueue", "PriorityQueue\PQueue.csproj", "{A151D624-73B2-4030-8882-672A819969EE}"
EndProject
Global
	GlobalSection(SolutionConfigurationPlatforms) = preSolution
		Debug|Any CPU = Debug|Any CPU
		Release|Any CPU = Release|Any CPU
	EndGlobalSection
	GlobalSection(ProjectConfigurationPlatforms) = postSolution
		{9721E971-B334-4548-B1BD-4AEA334073E7}.Debug|Any CPU.ActiveCfg = Debug|Any CPU
		{9721E971-B334-4548-B1BD-4AEA334073E7}.Debug|Any CPU.Build.0 = Debug|Any CPU
		{9721E971-B334-4548-B1BD-4AEA334073E7}.Release|Any CPU.ActiveCfg = Release|Any CPU
		{9721E971-B334-4548-B1BD-4AEA334073E7}.Release|Any CPU.Build.0 = Release|Any CPU
		{242E8781-06FC-4B71-B499-CC20BA9C13C8}.Debug|Any CPU.ActiveCfg = Debug|Any CPU
		{242E8781-06FC-4B71-B499-CC20BA9C13C8}.Debug|Any CPU.Build.0 = Debug|Any CPU
		{242E8781-06FC-4B71-B499-CC20BA9C13C8}.Release|Any CPU.ActiveCfg = Release|Any CPU
		{242E8781-06FC-4B71-B499-CC20BA9C13C8}.Release|Any CPU.Build.0 = Release|Any CPU
		{A151D624-73B2-4030-8882-672A819969EE}.Debug|Any CPU.ActiveCfg = Debug|Any CPU
		{A151D624-73B2-4030-8882-672A819969EE}.Debug|Any CPU.Build.0 = Debug|Any CPU
		{A151D624-73B2-4030-8882-672A819969EE}.Release|Any CPU.ActiveCfg = Release|Any CPU
		{A151D624-73B2-4030-8882-672A819969EE}.Release|Any CPU.Build.0 = Release|Any CPU
	EndGlobalSection
	GlobalSection(SolutionProperties) = preSolution
		HideSolutionNode = FALSE
	EndGlobalSection
EndGlobal
